
Microsoft Visual Studio Solution File, Format Version 12.00
# Visual Studio Version 17
VisualStudioVersion = 17.7.34221.43
MinimumVisualStudioVersion = 10.0.40219.1
Project("{FAE04EC0-301F-11D3-BF4B-00C04F79EFBC}") = "Harjoitus1_Ajoneuvo", "Harjoitus1_Ajoneuvo\Harjoitus1_Ajoneuvo.csproj", "{34B82D0E-86F8-4D9E-B80E-686E1BA95B2B}"
EndProject
Project("{FAE04EC0-301F-11D3-BF4B-00C04F79EFBC}") = "Harjoitus2_Opiskelija", "Harjoitus2_Opiskelija\Harjoitus2_Opiskelija.csproj", "{1545E64F-D297-499B-9884-0AE16584022C}"
EndProject
Project("{FAE04EC0-301F-11D3-BF4B-00C04F79EFBC}") = "Harjoitus3_Kiaus", "Harjoitus3_Kiaus\Harjoitus3_Kiaus.csproj", "{C98D790C-2E34-4D85-94E9-E42C7A1B4875}"
EndProject
Project("{FAE04EC0-301F-11D3-BF4B-00C04F79EFBC}") = "Harjoitus4_Albumi", "Harjoitus4_Albumi\Harjoitus4_Albumi.csproj", "{0DCE83BD-1F14-40B6-8A89-436E37A7B7D3}"
EndProject
Global
	GlobalSection(SolutionConfigurationPlatforms) = preSolution
		Debug|Any CPU = Debug|Any CPU
		Release|Any CPU = Release|Any CPU
	EndGlobalSection
	GlobalSection(ProjectConfigurationPlatforms) = postSolution
		{34B82D0E-86F8-4D9E-B80E-686E1BA95B2B}.Debug|Any CPU.ActiveCfg = Debug|Any CPU
		{34B82D0E-86F8-4D9E-B80E-686E1BA95B2B}.Debug|Any CPU.Build.0 = Debug|Any CPU
		{34B82D0E-86F8-4D9E-B80E-686E1BA95B2B}.Release|Any CPU.ActiveCfg = Release|Any CPU
		{34B82D0E-86F8-4D9E-B80E-686E1BA95B2B}.Release|Any CPU.Build.0 = Release|Any CPU
		{1545E64F-D297-499B-9884-0AE16584022C}.Debug|Any CPU.ActiveCfg = Debug|Any CPU
		{1545E64F-D297-499B-9884-0AE16584022C}.Debug|Any CPU.Build.0 = Debug|Any CPU
		{1545E64F-D297-499B-9884-0AE16584022C}.Release|Any CPU.ActiveCfg = Release|Any CPU
		{1545E64F-D297-499B-9884-0AE16584022C}.Release|Any CPU.Build.0 = Release|Any CPU
		{C98D790C-2E34-4D85-94E9-E42C7A1B4875}.Debug|Any CPU.ActiveCfg = Debug|Any CPU
		{C98D790C-2E34-4D85-94E9-E42C7A1B4875}.Debug|Any CPU.Build.0 = Debug|Any CPU
		{C98D790C-2E34-4D85-94E9-E42C7A1B4875}.Release|Any CPU.ActiveCfg = Release|Any CPU
		{C98D790C-2E34-4D85-94E9-E42C7A1B4875}.Release|Any CPU.Build.0 = Release|Any CPU
		{0DCE83BD-1F14-40B6-8A89-436E37A7B7D3}.Debug|Any CPU.ActiveCfg = Debug|Any CPU
		{0DCE83BD-1F14-40B6-8A89-436E37A7B7D3}.Debug|Any CPU.Build.0 = Debug|Any CPU
		{0DCE83BD-1F14-40B6-8A89-436E37A7B7D3}.Release|Any CPU.ActiveCfg = Release|Any CPU
		{0DCE83BD-1F14-40B6-8A89-436E37A7B7D3}.Release|Any CPU.Build.0 = Release|Any CPU
	EndGlobalSection
	GlobalSection(SolutionProperties) = preSolution
		HideSolutionNode = FALSE
	EndGlobalSection
	GlobalSection(ExtensibilityGlobals) = postSolution
		SolutionGuid = {7C973E69-4371-492A-998C-E50B3516FAA1}
	EndGlobalSection
EndGlobal
